{
  "requires": true,
  "lockfileVersion": 1,
  "dependencies": {
    "vue-cli-plugin-vuetify": {
      "version": "0.2.0",
      "resolved": "https://registry.npmjs.org/vue-cli-plugin-vuetify/-/vue-cli-plugin-vuetify-0.2.0.tgz",
      "integrity": "sha512-U6gvAnYXVa0GUeKWq6bYTE06Y/zFUwwvONRRdQBLKjrZtECtw3B8Siz16wC7Js463d0YVetqUjRrYAHpoZvIug=="
    },
    "vuetify": {
      "version": "1.2.5",
      "resolved": "https://registry.npmjs.org/vuetify/-/vuetify-1.2.5.tgz",
      "integrity": "sha512-K/Fkh+nPoa6EcW/KgdVVyZDpe2zsjANHNZ2qju/Fu3FFlPPrYbSuKUfOpVFXaUplELpKCLcKVXVzWLpK/FDdGQ=="
    }
  }
}
